// !$*UTF8*$!
{
	archiveVersion = 1;
	classes = {
	};
	objectVersion = 46;
	objects = {

/* Begin PBXBuildFile section */
		D39C88E31E7882BD00387592 /* AppDelegate.swift in Sources */ = {isa = PBXBuildFile; fileRef = D39C88E21E7882BD00387592 /* AppDelegate.swift */; };
		D39C88E51E7882BD00387592 /* ViewController.swift in Sources */ = {isa = PBXBuildFile; fileRef = D39C88E41E7882BD00387592 /* ViewController.swift */; };
		D39C88E81E7882BD00387592 /* Main.storyboard in Resources */ = {isa = PBXBuildFile; fileRef = D39C88E61E7882BD00387592 /* Main.storyboard */; };
		D39C88EA1E7882BD00387592 /* Assets.xcassets in Resources */ = {isa = PBXBuildFile; fileRef = D39C88E91E7882BD00387592 /* Assets.xcassets */; };
		D39C88ED1E7882BD00387592 /* LaunchScreen.storyboard in Resources */ = {isa = PBXBuildFile; fileRef = D39C88EB1E7882BD00387592 /* LaunchScreen.storyboard */; };
		D39C88F81E7882BD00387592 /* TouchTrackerTests.swift in Sources */ = {isa = PBXBuildFile; fileRef = D39C88F71E7882BD00387592 /* TouchTrackerTests.swift */; };
		D39C89031E7882BD00387592 /* TouchTrackerUITests.swift in Sources */ = {isa = PBXBuildFile; fileRef = D39C89021E7882BD00387592 /* TouchTrackerUITests.swift */; };
		D39C89111E78830E00387592 /* Line.swift in Sources */ = {isa = PBXBuildFile; fileRef = D39C89101E78830E00387592 /* Line.swift */; };
/* End PBXBuildFile section */

/* Begin PBXContainerItemProxy section */
		D39C88F41E7882BD00387592 /* PBXContainerItemProxy */ = {
			isa = PBXContainerItemProxy;
			containerPortal = D39C88D71E7882BC00387592 /* Project object */;
			proxyType = 1;
			remoteGlobalIDString = D39C88DE1E7882BC00387592;
			remoteInfo = TouchTracker;
		};
		D39C88FF1E7882BD00387592 /* PBXContainerItemProxy */ = {
			isa = PBXContainerItemProxy;
			containerPortal = D39C88D71E7882BC00387592 /* Project object */;
			proxyType = 1;
			remoteGlobalIDString = D39C88DE1E7882BC00387592;
			remoteInfo = TouchTracker;
		};
/* End PBXContainerItemProxy section */

/* Begin PBXFileReference section */
		D39C88DF1E7882BC00387592 /* TouchTracker.app */ = {isa = PBXFileReference; explicitFileType = wrapper.application; includeInIndex = 0; path = TouchTracker.app; sourceTree = BUILT_PRODUCTS_DIR; };
		D39C88E21E7882BD00387592 /* AppDelegate.swift */ = {isa = PBXFileReference; lastKnownFileType = sourcecode.swift; path = AppDelegate.swift; sourceTree = "<group>"; };
		D39C88E41E7882BD00387592 /* ViewController.swift */ = {isa = PBXFileReference; lastKnownFileType = sourcecode.swift; path = ViewController.swift; sourceTree = "<group>"; };
		D39C88E71E7882BD00387592 /* Base */ = {isa = PBXFileReference; lastKnownFileType = file.storyboard; name = Base; path = Base.lproj/Main.storyboard; sourceTree = "<group>"; };
		D39C88E91E7882BD00387592 /* Assets.xcassets */ = {isa = PBXFileReference; lastKnownFileType = folder.assetcatalog; path = Assets.xcassets; sourceTree = "<group>"; };
		D39C88EC1E7882BD00387592 /* Base */ = {isa = PBXFileReference; lastKnownFileType = file.storyboard; name = Base; path = Base.lproj/LaunchScreen.storyboard; sourceTree = "<group>"; };
		D39C88EE1E7882BD00387592 /* Info.plist */ = {isa = PBXFileReference; lastKnownFileType = text.plist.xml; path = Info.plist; sourceTree = "<group>"; };
		D39C88F31E7882BD00387592 /* TouchTrackerTests.xctest */ = {isa = PBXFileReference; explicitFileType = wrapper.cfbundle; includeInIndex = 0; path = TouchTrackerTests.xctest; sourceTree = BUILT_PRODUCTS_DIR; };
		D39C88F71E7882BD00387592 /* TouchTrackerTests.swift */ = {isa = PBXFileReference; lastKnownFileType = sourcecode.swift; path = TouchTrackerTests.swift; sourceTree = "<group>"; };
		D39C88F91E7882BD00387592 /* Info.plist */ = {isa = PBXFileReference; lastKnownFileType = text.plist.xml; path = Info.plist; sourceTree = "<group>"; };
		D39C88FE1E7882BD00387592 /* TouchTrackerUITests.xctest */ = {isa = PBXFileReference; explicitFileType = wrapper.cfbundle; includeInIndex = 0; path = TouchTrackerUITests.xctest; sourceTree = BUILT_PRODUCTS_DIR; };
		D39C89021E7882BD00387592 /* TouchTrackerUITests.swift */ = {isa = PBXFileReference; lastKnownFileType = sourcecode.swift; path = TouchTrackerUITests.swift; sourceTree = "<group>"; };
		D39C89041E7882BD00387592 /* Info.plist */ = {isa = PBXFileReference; lastKnownFileType = text.plist.xml; path = Info.plist; sourceTree = "<group>"; };
		D39C89101E78830E00387592 /* Line.swift */ = {isa = PBXFileReference; fileEncoding = 4; lastKnownFileType = sourcecode.swift; path = Line.swift; sourceTree = "<group>"; };
/* End PBXFileReference section */

/* Begin PBXFrameworksBuildPhase section */
		D39C88DC1E7882BC00387592 /* Frameworks */ = {
			isa = PBXFrameworksBuildPhase;
			buildActionMask = 2147483647;
			files = (
			);
			runOnlyForDeploymentPostprocessing = 0;
		};
		D39C88F01E7882BD00387592 /* Frameworks */ = {
			isa = PBXFrameworksBuildPhase;
			buildActionMask = 2147483647;
			files = (
			);
			runOnlyForDeploymentPostprocessing = 0;
		};
		D39C88FB1E7882BD00387592 /* Frameworks */ = {
			isa = PBXFrameworksBuildPhase;
			buildActionMask = 2147483647;
			files = (
			);
			runOnlyForDeploymentPostprocessing = 0;
		};
/* End PBXFrameworksBuildPhase section */

/* Begin PBXGroup section */
		D39C88D61E7882BC00387592 = {
			isa = PBXGroup;
			children = (
				D39C88E11E7882BC00387592 /* TouchTracker */,
				D39C88F61E7882BD00387592 /* TouchTrackerTests */,
				D39C89011E7882BD00387592 /* TouchTrackerUITests */,
				D39C88E01E7882BC00387592 /* Products */,
			);
			sourceTree = "<group>";
		};
		D39C88E01E7882BC00387592 /* Products */ = {
			isa = PBXGroup;
			children = (
				D39C88DF1E7882BC00387592 /* TouchTracker.app */,
				D39C88F31E7882BD00387592 /* TouchTrackerTests.xctest */,
				D39C88FE1E7882BD00387592 /* TouchTrackerUITests.xctest */,
			);
			name = Products;
			sourceTree = "<group>";
		};
		D39C88E11E7882BC00387592 /* TouchTracker */ = {
			isa = PBXGroup;
			children = (
				D39C88E21E7882BD00387592 /* AppDelegate.swift */,
				D39C88E41E7882BD00387592 /* ViewController.swift */,
				D39C88E61E7882BD00387592 /* Main.storyboard */,
				D39C88E91E7882BD00387592 /* Assets.xcassets */,
				D39C88EB1E7882BD00387592 /* LaunchScreen.storyboard */,
				D39C88EE1E7882BD00387592 /* Info.plist */,
				D39C89101E78830E00387592 /* Line.swift */,
			);
			path = TouchTracker;
			sourceTree = "<group>";
		};
		D39C88F61E7882BD00387592 /* TouchTrackerTests */ = {
			isa = PBXGroup;
			children = (
				D39C88F71E7882BD00387592 /* TouchTrackerTests.swift */,
				D39C88F91E7882BD00387592 /* Info.plist */,
			);
			path = TouchTrackerTests;
			sourceTree = "<group>";
		};
		D39C89011E7882BD00387592 /* TouchTrackerUITests */ = {
			isa = PBXGroup;
			children = (
				D39C89021E7882BD00387592 /* TouchTrackerUITests.swift */,
				D39C89041E7882BD00387592 /* Info.plist */,
			);
			path = TouchTrackerUITests;
			sourceTree = "<group>";
		};
/* End PBXGroup section */

/* Begin PBXNativeTarget section */
		D39C88DE1E7882BC00387592 /* TouchTracker */ = {
			isa = PBXNativeTarget;
			buildConfigurationList = D39C89071E7882BD00387592 /* Build configuration list for PBXNativeTarget "TouchTracker" */;
			buildPhases = (
				D39C88DB1E7882BC00387592 /* Sources */,
				D39C88DC1E7882BC00387592 /* Frameworks */,
				D39C88DD1E7882BC00387592 /* Resources */,
			);
			buildRules = (
			);
			dependencies = (
			);
			name = TouchTracker;
			productName = TouchTracker;
			productReference = D39C88DF1E7882BC00387592 /* TouchTracker.app */;
			productType = "com.apple.product-type.application";
		};
		D39C88F21E7882BD00387592 /* TouchTrackerTests */ = {
			isa = PBXNativeTarget;
			buildConfigurationList = D39C890A1E7882BD00387592 /* Build configuration list for PBXNativeTarget "TouchTrackerTests" */;
			buildPhases = (
				D39C88EF1E7882BD00387592 /* Sources */,
				D39C88F01E7882BD00387592 /* Frameworks */,
				D39C88F11E7882BD00387592 /* Resources */,
			);
			buildRules = (
			);
			dependencies = (
				D39C88F51E7882BD00387592 /* PBXTargetDependency */,
			);
			name = TouchTrackerTests;
			productName = TouchTrackerTests;
			productReference = D39C88F31E7882BD00387592 /* TouchTrackerTests.xctest */;
			productType = "com.apple.product-type.bundle.unit-test";
		};
		D39C88FD1E7882BD00387592 /* TouchTrackerUITests */ = {
			isa = PBXNativeTarget;
			buildConfigurationList = D39C890D1E7882BD00387592 /* Build configuration list for PBXNativeTarget "TouchTrackerUITests" */;
			buildPhases = (
				D39C88FA1E7882BD00387592 /* Sources */,
				D39C88FB1E7882BD00387592 /* Frameworks */,
				D39C88FC1E7882BD00387592 /* Resources */,
			);
			buildRules = (
			);
			dependencies = (
				D39C89001E7882BD00387592 /* PBXTargetDependency */,
			);
			name = TouchTrackerUITests;
			productName = TouchTrackerUITests;
			productReference = D39C88FE1E7882BD00387592 /* TouchTrackerUITests.xctest */;
			productType = "com.apple.product-type.bundle.ui-testing";
		};
/* End PBXNativeTarget section */

/* Begin PBXProject section */
		D39C88D71E7882BC00387592 /* Project object */ = {
			isa = PBXProject;
			attributes = {
				LastSwiftUpdateCheck = 0820;
				LastUpgradeCheck = 0820;
				ORGANIZATIONNAME = "Marx, Brian";
				TargetAttributes = {
					D39C88DE1E7882BC00387592 = {
						CreatedOnToolsVersion = 8.2.1;
						ProvisioningStyle = Automatic;
					};
					D39C88F21E7882BD00387592 = {
						CreatedOnToolsVersion = 8.2.1;
						ProvisioningStyle = Automatic;
						TestTargetID = D39C88DE1E7882BC00387592;
					};
					D39C88FD1E7882BD00387592 = {
						CreatedOnToolsVersion = 8.2.1;
						ProvisioningStyle = Automatic;
						TestTargetID = D39C88DE1E7882BC00387592;
					};
				};
			};
			buildConfigurationList = D39C88DA1E7882BC00387592 /* Build configuration list for PBXProject "TouchTracker" */;
			compatibilityVersion = "Xcode 3.2";
			developmentRegion = English;
			hasScannedForEncodings = 0;
			knownRegions = (
				en,
				Base,
			);
			mainGroup = D39C88D61E7882BC00387592;
			productRefGroup = D39C88E01E7882BC00387592 /* Products */;
			projectDirPath = "";
			projectRoot = "";
			targets = (
				D39C88DE1E7882BC00387592 /* TouchTracker */,
				D39C88F21E7882BD00387592 /* TouchTrackerTests */,
				D39C88FD1E7882BD00387592 /* TouchTrackerUITests */,
			);
		};
/* End PBXProject section */

/* Begin PBXResourcesBuildPhase section */
		D39C88DD1E7882BC00387592 /* Resources */ = {
			isa = PBXResourcesBuildPhase;
			buildActionMask = 2147483647;
			files = (
				D39C88ED1E7882BD00387592 /* LaunchScreen.storyboard in Resources */,
				D39C88EA1E7882BD00387592 /* Assets.xcassets in Resources */,
				D39C88E81E7882BD00387592 /* Main.storyboard in Resources */,
			);
			runOnlyForDeploymentPostprocessing = 0;
		};
		D39C88F11E7882BD00387592 /* Resources */ = {
			isa = PBXResourcesBuildPhase;
			buildActionMask = 2147483647;
			files = (
			);
			runOnlyForDeploymentPostprocessing = 0;
		};
		D39C88FC1E7882BD00387592 /* Resources */ = {
			isa = PBXResourcesBuildPhase;
			buildActionMask = 2147483647;
			files = (
			);
			runOnlyForDeploymentPostprocessing = 0;
		};
/* End PBXResourcesBuildPhase section */

/* Begin PBXSourcesBuildPhase section */
		D39C88DB1E7882BC00387592 /* Sources */ = {
			isa = PBXSourcesBuildPhase;
			buildActionMask = 2147483647;
			files = (
				D39C89111E78830E00387592 /* Line.swift in Sources */,
				D39C88E51E7882BD00387592 /* ViewController.swift in Sources */,
				D39C88E31E7882BD00387592 /* AppDelegate.swift in Sources */,
			);
			runOnlyForDeploymentPostprocessing = 0;
		};
		D39C88EF1E7882BD00387592 /* Sources */ = {
			isa = PBXSourcesBuildPhase;
			buildActionMask = 2147483647;
			files = (
				D39C88F81E7882BD00387592 /* TouchTrackerTests.swift in Sources */,
			);
			runOnlyForDeploymentPostprocessing = 0;
		};
		D39C88FA1E7882BD00387592 /* Sources */ = {
			isa = PBXSourcesBuildPhase;
			buildActionMask = 2147483647;
			files = (
				D39C89031E7882BD00387592 /* TouchTrackerUITests.swift in Sources */,
			);
			runOnlyForDeploymentPostprocessing = 0;
		};
/* End PBXSourcesBuildPhase section */

/* Begin PBXTargetDependency section */
		D39C88F51E7882BD00387592 /* PBXTargetDependency */ = {
			isa = PBXTargetDependency;
			target = D39C88DE1E7882BC00387592 /* TouchTracker */;
			targetProxy = D39C88F41E7882BD00387592 /* PBXContainerItemProxy */;
		};
		D39C89001E7882BD00387592 /* PBXTargetDependency */ = {
			isa = PBXTargetDependency;
			target = D39C88DE1E7882BC00387592 /* TouchTracker */;
			targetProxy = D39C88FF1E7882BD00387592 /* PBXContainerItemProxy */;
		};
/* End PBXTargetDependency section */

/* Begin PBXVariantGroup section */
		D39C88E61E7882BD00387592 /* Main.storyboard */ = {
			isa = PBXVariantGroup;
			children = (
				D39C88E71E7882BD00387592 /* Base */,
			);
			name = Main.storyboard;
			sourceTree = "<group>";
		};
		D39C88EB1E7882BD00387592 /* LaunchScreen.storyboard */ = {
			isa = PBXVariantGroup;
			children = (
				D39C88EC1E7882BD00387592 /* Base */,
			);
			name = LaunchScreen.storyboard;
			sourceTree = "<group>";
		};
/* End PBXVariantGroup section */

/* Begin XCBuildConfiguration section */
		D39C89051E7882BD00387592 /* Debug */ = {
			isa = XCBuildConfiguration;
			buildSettings = {
				ALWAYS_SEARCH_USER_PATHS = NO;
				CLANG_ANALYZER_NONNULL = YES;
				CLANG_CXX_LANGUAGE_STANDARD = "gnu++0x";
				CLANG_CXX_LIBRARY = "libc++";
				CLANG_ENABLE_MODULES = YES;
				CLANG_ENABLE_OBJC_ARC = YES;
				CLANG_WARN_BOOL_CONVERSION = YES;
				CLANG_WARN_CONSTANT_CONVERSION = YES;
				CLANG_WARN_DIRECT_OBJC_ISA_USAGE = YES_ERROR;
				CLANG_WARN_DOCUMENTATION_COMMENTS = YES;
				CLANG_WARN_EMPTY_BODY = YES;
				CLANG_WARN_ENUM_CONVERSION = YES;
				CLANG_WARN_INFINITE_RECURSION = YES;
				CLANG_WARN_INT_CONVERSION = YES;
				CLANG_WARN_OBJC_ROOT_CLASS = YES_ERROR;
				CLANG_WARN_SUSPICIOUS_MOVE = YES;
				CLANG_WARN_UNREACHABLE_CODE = YES;
				CLANG_WARN__DUPLICATE_METHOD_MATCH = YES;
				"CODE_SIGN_IDENTITY[sdk=iphoneos*]" = "iPhone Developer";
				COPY_PHASE_STRIP = NO;
				DEBUG_INFORMATION_FORMAT = dwarf;
				ENABLE_STRICT_OBJC_MSGSEND = YES;
				ENABLE_TESTABILITY = YES;
				GCC_C_LANGUAGE_STANDARD = gnu99;
				GCC_DYNAMIC_NO_PIC = NO;
				GCC_NO_COMMON_BLOCKS = YES;
				GCC_OPTIMIZATION_LEVEL = 0;
				GCC_PREPROCESSOR_DEFINITIONS = (
					"DEBUG=1",
					"$(inherited)",
				);
				GCC_WARN_64_TO_32_BIT_CONVERSION = YES;
				GCC_WARN_ABOUT_RETURN_TYPE = YES_ERROR;
				GCC_WARN_UNDECLARED_SELECTOR = YES;
				GCC_WARN_UNINITIALIZED_AUTOS = YES_AGGRESSIVE;
				GCC_WARN_UNUSED_FUNCTION = YES;
				GCC_WARN_UNUSED_VARIABLE = YES;
				IPHONEOS_DEPLOYMENT_TARGET = 10.2;
				MTL_ENABLE_DEBUG_INFO = YES;
				ONLY_ACTIVE_ARCH = YES;
				SDKROOT = iphoneos;
				SWIFT_ACTIVE_COMPILATION_CONDITIONS = DEBUG;
				SWIFT_OPTIMIZATION_LEVEL = "-Onone";
				TARGETED_DEVICE_FAMILY = "1,2";
			};
			name = Debug;
		};
		D39C89061E7882BD00387592 /* Release */ = {
			isa = XCBuildConfiguration;
			buildSettings = {
				ALWAYS_SEARCH_USER_PATHS = NO;
				CLANG_ANALYZER_NONNULL = YES;
				CLANG_CXX_LANGUAGE_STANDARD = "gnu++0x";
				CLANG_CXX_LIBRARY = "libc++";
				CLANG_ENABLE_MODULES = YES;
				CLANG_ENABLE_OBJC_ARC = YES;
				CLANG_WARN_BOOL_CONVERSION = YES;
				CLANG_WARN_CONSTANT_CONVERSION = YES;
				CLANG_WARN_DIRECT_OBJC_ISA_USAGE = YES_ERROR;
				CLANG_WARN_DOCUMENTATION_COMMENTS = YES;
				CLANG_WARN_EMPTY_BODY = YES;
				CLANG_WARN_ENUM_CONVERSION = YES;
				CLANG_WARN_INFINITE_RECURSION = YES;
				CLANG_WARN_INT_CONVERSION = YES;
				CLANG_WARN_OBJC_ROOT_CLASS = YES_ERROR;
				CLANG_WARN_SUSPICIOUS_MOVE = YES;
				CLANG_WARN_UNREACHABLE_CODE = YES;
				CLANG_WARN__DUPLICATE_METHOD_MATCH = YES;
				"CODE_SIGN_IDENTITY[sdk=iphoneos*]" = "iPhone Developer";
				COPY_PHASE_STRIP = NO;
				DEBUG_INFORMATION_FORMAT = "dwarf-with-dsym";
				ENABLE_NS_ASSERTIONS = NO;
				ENABLE_STRICT_OBJC_MSGSEND = YES;
				GCC_C_LANGUAGE_STANDARD = gnu99;
				GCC_NO_COMMON_BLOCKS = YES;
				GCC_WARN_64_TO_32_BIT_CONVERSION = YES;
				GCC_WARN_ABOUT_RETURN_TYPE = YES_ERROR;
				GCC_WARN_UNDECLARED_SELECTOR = YES;
				GCC_WARN_UNINITIALIZED_AUTOS = YES_AGGRESSIVE;
				GCC_WARN_UNUSED_FUNCTION = YES;
				GCC_WARN_UNUSED_VARIABLE = YES;
				IPHONEOS_DEPLOYMENT_TARGET = 10.2;
				MTL_ENABLE_DEBUG_INFO = NO;
				SDKROOT = iphoneos;
				SWIFT_OPTIMIZATION_LEVEL = "-Owholemodule";
				TARGETED_DEVICE_FAMILY = "1,2";
				VALIDATE_PRODUCT = YES;
			};
			name = Release;
		};
		D39C89081E7882BD00387592 /* Debug */ = {
			isa = XCBuildConfiguration;
			buildSettings = {
				ASSETCATALOG_COMPILER_APPICON_NAME = AppIcon;
				INFOPLIST_FILE = TouchTracker/Info.plist;
				LD_RUNPATH_SEARCH_PATHS = "$(inherited) @executable_path/Frameworks";
				PRODUCT_BUNDLE_IDENTIFIER = com.bignerdranch.TouchTracker;
				PRODUCT_NAME = "$(TARGET_NAME)";
				SWIFT_VERSION = 3.0;
			};
			name = Debug;
		};
		D39C89091E7882BD00387592 /* Release */ = {
			isa = XCBuildConfiguration;
			buildSettings = {
				ASSETCATALOG_COMPILER_APPICON_NAME = AppIcon;
				INFOPLIST_FILE = TouchTracker/Info.plist;
				LD_RUNPATH_SEARCH_PATHS = "$(inherited) @executable_path/Frameworks";
				PRODUCT_BUNDLE_IDENTIFIER = com.bignerdranch.TouchTracker;
				PRODUCT_NAME = "$(TARGET_NAME)";
				SWIFT_VERSION = 3.0;
			};
			name = Release;
		};
		D39C890B1E7882BD00387592 /* Debug */ = {
			isa = XCBuildConfiguration;
			buildSettings = {
				ALWAYS_EMBED_SWIFT_STANDARD_LIBRARIES = YES;
				BUNDLE_LOADER = "$(TEST_HOST)";
				INFOPLIST_FILE = TouchTrackerTests/Info.plist;
				LD_RUNPATH_SEARCH_PATHS = "$(inherited) @executable_path/Frameworks @loader_path/Frameworks";
				PRODUCT_BUNDLE_IDENTIFIER = com.bignerdranch.TouchTrackerTests;
				PRODUCT_NAME = "$(TARGET_NAME)";
				SWIFT_VERSION = 3.0;
				TEST_HOST = "$(BUILT_PRODUCTS_DIR)/TouchTracker.app/TouchTracker";
			};
			name = Debug;
		};
		D39C890C1E7882BD00387592 /* Release */ = {
			isa = XCBuildConfiguration;
			buildSettings = {
				ALWAYS_EMBED_SWIFT_STANDARD_LIBRARIES = YES;
				BUNDLE_LOADER = "$(TEST_HOST)";
				INFOPLIST_FILE = TouchTrackerTests/Info.plist;
				LD_RUNPATH_SEARCH_PATHS = "$(inherited) @executable_path/Frameworks @loader_path/Frameworks";
				PRODUCT_BUNDLE_IDENTIFIER = com.bignerdranch.TouchTrackerTests;
				PRODUCT_NAME = "$(TARGET_NAME)";
				SWIFT_VERSION = 3.0;
				TEST_HOST = "$(BUILT_PRODUCTS_DIR)/TouchTracker.app/TouchTracker";
			};
			name = Release;
		};
		D39C890E1E7882BD00387592 /* Debug */ = {
			isa = XCBuildConfiguration;
			buildSettings = {
				ALWAYS_EMBED_SWIFT_STANDARD_LIBRARIES = YES;
				INFOPLIST_FILE = TouchTrackerUITests/Info.plist;
				LD_RUNPATH_SEARCH_PATHS = "$(inherited) @executable_path/Frameworks @loader_path/Frameworks";
				PRODUCT_BUNDLE_IDENTIFIER = com.bignerdranch.TouchTrackerUITests;
				PRODUCT_NAME = "$(TARGET_NAME)";
				SWIFT_VERSION = 3.0;
				TEST_TARGET_NAME = TouchTracker;
			};
			name = Debug;
		};
		D39C890F1E7882BD00387592 /* Release */ = {
			isa = XCBuildConfiguration;
			buildSettings = {
				ALWAYS_EMBED_SWIFT_STANDARD_LIBRARIES = YES;
				INFOPLIST_FILE = TouchTrackerUITests/Info.plist;
				LD_RUNPATH_SEARCH_PATHS = "$(inherited) @executable_path/Frameworks @loader_path/Frameworks";
				PRODUCT_BUNDLE_IDENTIFIER = com.bignerdranch.TouchTrackerUITests;
				PRODUCT_NAME = "$(TARGET_NAME)";
				SWIFT_VERSION = 3.0;
				TEST_TARGET_NAME = TouchTracker;
			};
			name = Release;
		};
/* End XCBuildConfiguration section */

/* Begin XCConfigurationList section */
		D39C88DA1E7882BC00387592 /* Build configuration list for PBXProject "TouchTracker" */ = {
			isa = XCConfigurationList;
			buildConfigurations = (
				D39C89051E7882BD00387592 /* Debug */,
				D39C89061E7882BD00387592 /* Release */,
			);
			defaultConfigurationIsVisible = 0;
			defaultConfigurationName = Release;
		};
		D39C89071E7882BD00387592 /* Build configuration list for PBXNativeTarget "TouchTracker" */ = {
			isa = XCConfigurationList;
			buildConfigurations = (
				D39C89081E7882BD00387592 /* Debug */,
				D39C89091E7882BD00387592 /* Release */,
			);
			defaultConfigurationIsVisible = 0;
		};
		D39C890A1E7882BD00387592 /* Build configuration list for PBXNativeTarget "TouchTrackerTests" */ = {
			isa = XCConfigurationList;
			buildConfigurations = (
				D39C890B1E7882BD00387592 /* Debug */,
				D39C890C1E7882BD00387592 /* Release */,
			);
			defaultConfigurationIsVisible = 0;
		};
		D39C890D1E7882BD00387592 /* Build configuration list for PBXNativeTarget "TouchTrackerUITests" */ = {
			isa = XCConfigurationList;
			buildConfigurations = (
				D39C890E1E7882BD00387592 /* Debug */,
				D39C890F1E7882BD00387592 /* Release */,
			);
			defaultConfigurationIsVisible = 0;
		};
/* End XCConfigurationList section */
	};
	rootObject = D39C88D71E7882BC00387592 /* Project object */;
}
